
Microsoft Visual Studio Solution File, Format Version 12.00
# Visual Studio Version 17
VisualStudioVersion = 17.5.002.0
MinimumVisualStudioVersion = 10.0.40219.1
Project("{9A19103F-16F7-4668-BE54-9A1E7A4F7556}") = "server", "server\server.csproj", "{2208369C-0A69-407A-AE38-7E7020D9EEEE}"
EndProject
Project("{9A19103F-16F7-4668-BE54-9A1E7A4F7556}") = "client", "client\client.csproj", "{19BA4D10-BD3B-4805-8F19-913395877766}"
EndProject
Global
	GlobalSection(SolutionConfigurationPlatforms) = preSolution
		Debug|Any CPU = Debug|Any CPU
		Release|Any CPU = Release|Any CPU
	EndGlobalSection
	GlobalSection(ProjectConfigurationPlatforms) = postSolution
		{2208369C-0A69-407A-AE38-7E7020D9EEEE}.Debug|Any CPU.ActiveCfg = Debug|Any CPU
		{2208369C-0A69-407A-AE38-7E7020D9EEEE}.Debug|Any CPU.Build.0 = Debug|Any CPU
		{2208369C-0A69-407A-AE38-7E7020D9EEEE}.Release|Any CPU.ActiveCfg = Release|Any CPU
		{2208369C-0A69-407A-AE38-7E7020D9EEEE}.Release|Any CPU.Build.0 = Release|Any CPU
		{19BA4D10-BD3B-4805-8F19-913395877766}.Debug|Any CPU.ActiveCfg = Debug|Any CPU
		{19BA4D10-BD3B-4805-8F19-913395877766}.Debug|Any CPU.Build.0 = Debug|Any CPU
		{19BA4D10-BD3B-4805-8F19-913395877766}.Release|Any CPU.ActiveCfg = Release|Any CPU
		{19BA4D10-BD3B-4805-8F19-913395877766}.Release|Any CPU.Build.0 = Release|Any CPU
	EndGlobalSection
	GlobalSection(SolutionProperties) = preSolution
		HideSolutionNode = FALSE
	EndGlobalSection
	GlobalSection(ExtensibilityGlobals) = postSolution
		SolutionGuid = {11349676-1BA2-49AC-BFCD-AB39EBE5B700}
	EndGlobalSection
EndGlobal
